
Microsoft Visual Studio Solution File, Format Version 12.00
# Visual Studio 15
VisualStudioVersion = 15.0.28307.329
MinimumVisualStudioVersion = 10.0.40219.1
Project("{9A19103F-16F7-4668-BE54-9A1E7A4F7556}") = "TEST Unit 2", "TEST Unit 2\TEST Unit 2.csproj", "{3DD2B0B5-C1A5-4841-9193-F1C3690B9D97}"
EndProject
Project("{FAE04EC0-301F-11D3-BF4B-00C04F79EFBC}") = "Cyrcle", "Cyrcle\Cyrcle.csproj", "{C99771B6-A930-4597-8AA2-D1B2BEDAC69F}"
EndProject
Project("{FAE04EC0-301F-11D3-BF4B-00C04F79EFBC}") = "CToF", "CToF\CToF.csproj", "{37501A6B-02FF-461E-A35B-9E4137E83AF4}"
EndProject
Global
	GlobalSection(SolutionConfigurationPlatforms) = preSolution
		Debug|Any CPU = Debug|Any CPU
		Release|Any CPU = Release|Any CPU
	EndGlobalSection
	GlobalSection(ProjectConfigurationPlatforms) = postSolution
		{3DD2B0B5-C1A5-4841-9193-F1C3690B9D97}.Debug|Any CPU.ActiveCfg = Debug|Any CPU
		{3DD2B0B5-C1A5-4841-9193-F1C3690B9D97}.Debug|Any CPU.Build.0 = Debug|Any CPU
		{3DD2B0B5-C1A5-4841-9193-F1C3690B9D97}.Release|Any CPU.ActiveCfg = Release|Any CPU
		{3DD2B0B5-C1A5-4841-9193-F1C3690B9D97}.Release|Any CPU.Build.0 = Release|Any CPU
		{C99771B6-A930-4597-8AA2-D1B2BEDAC69F}.Debug|Any CPU.ActiveCfg = Debug|Any CPU
		{C99771B6-A930-4597-8AA2-D1B2BEDAC69F}.Debug|Any CPU.Build.0 = Debug|Any CPU
		{C99771B6-A930-4597-8AA2-D1B2BEDAC69F}.Release|Any CPU.ActiveCfg = Release|Any CPU
		{C99771B6-A930-4597-8AA2-D1B2BEDAC69F}.Release|Any CPU.Build.0 = Release|Any CPU
		{37501A6B-02FF-461E-A35B-9E4137E83AF4}.Debug|Any CPU.ActiveCfg = Debug|Any CPU
		{37501A6B-02FF-461E-A35B-9E4137E83AF4}.Debug|Any CPU.Build.0 = Debug|Any CPU
		{37501A6B-02FF-461E-A35B-9E4137E83AF4}.Release|Any CPU.ActiveCfg = Release|Any CPU
		{37501A6B-02FF-461E-A35B-9E4137E83AF4}.Release|Any CPU.Build.0 = Release|Any CPU
	EndGlobalSection
	GlobalSection(SolutionProperties) = preSolution
		HideSolutionNode = FALSE
	EndGlobalSection
	GlobalSection(ExtensibilityGlobals) = postSolution
		SolutionGuid = {41569DE4-A4DE-464D-8DCC-0857FCDC56BF}
	EndGlobalSection
EndGlobal
